<?xml version="1.0" encoding="utf-8"?>
<Project ToolsVersion="4.0" xmlns="http://schemas.microsoft.com/developer/msbuild/2003">
  <ItemGroup>
    <Filter Include="Source Files">
      <UniqueIdentifier>{4FC737F1-C7A5-4376-A066-2A32D752A2FF}</UniqueIdentifier>
      <Extensions>cpp;c;cc;cxx;def;odl;idl;hpj;bat;asm;asmx</Extensions>
    </Filter>
    <Filter Include="Header Files">
      <UniqueIdentifier>{93995380-89BD-4b04-88EB-625FBE52EBFB}</UniqueIdentifier>
      <Extensions>h;hpp;hxx;hm;inl;inc;xsd</Extensions>
    </Filter>
    <Filter Include="Resource Files">
      <UniqueIdentifier>{67DA6AB6-F800-4c08-8B7A-83BB121AAD01}</UniqueIdentifier>
      <Extensions>rc;ico;cur;bmp;dlg;rc2;rct;bin;rgs;gif;jpg;jpeg;jpe;resx;tiff;tif;png;wav;mfcribbon-ms</Extensions>
    </Filter>
  </ItemGroup>
  <ItemGroup>
    <ClCompile Include="main.cpp">
      <Filter>Source Files</Filter>
    </ClCompile>
    <ClCompile Include="Primitivas.cpp">
      <Filter>Source Files</Filter>
    </ClCompile>
    <ClCompile Include="utils\axis.cpp">
      <Filter>Source Files</Filter>
    </ClCompile>
    <ClCompile Include="utils\cores.cpp">
      <Filter>Source Files</Filter>
    </ClCompile>
    <ClCompile Include="objects\bancos\banco.cpp">
      <Filter>Source Files</Filter>
    </ClCompile>
    <ClCompile Include="objects\bottles\wineBottle.cpp">
      <Filter>Source Files</Filter>
    </ClCompile>
    <ClCompile Include="objects\bottles\wiskyBottle.cpp">
      <Filter>Source Files</Filter>
    </ClCompile>
    <ClCompile Include="objects\chair\chair.cpp">
      <Filter>Source Files</Filter>
    </ClCompile>
    <ClCompile Include="objects\computer\computer.cpp">
      <Filter>Source Files</Filter>
    </ClCompile>
    <ClCompile Include="objects\cups\beerCup.cpp">
      <Filter>Source Files</Filter>
    </ClCompile>
    <ClCompile Include="objects\cups\cocktailCup.cpp">
      <Filter>Source Files</Filter>
    </ClCompile>
    <ClCompile Include="objects\cups\shotCup.cpp">
      <Filter>Source Files</Filter>
    </ClCompile>
    <ClCompile Include="objects\cups\vodkaCup.cpp">
      <Filter>Source Files</Filter>
    </ClCompile>
    <ClCompile Include="objects\cups\wineCup.cpp">
      <Filter>Source Files</Filter>
    </ClCompile>
    <ClCompile Include="objects\estruturas\floor.cpp">
      <Filter>Source Files</Filter>
    </ClCompile>
    <ClCompile Include="objects\estruturas\tecto.cpp">
      <Filter>Source Files</Filter>
    </ClCompile>
    <ClCompile Include="objects\estruturas\walls.cpp">
      <Filter>Source Files</Filter>
    </ClCompile>
    <ClCompile Include="objects\paralelepipedo\paralelepipedo.cpp">
      <Filter>Source Files</Filter>
    </ClCompile>
    <ClCompile Include="objects\sconces\sconce1.cpp">
      <Filter>Source Files</Filter>
    </ClCompile>
    <ClCompile Include="objects\sconces\sconce2.cpp">
      <Filter>Source Files</Filter>
    </ClCompile>
    <ClCompile Include="objects\sconces\sconce3.cpp">
      <Filter>Source Files</Filter>
    </ClCompile>
    <ClCompile Include="objects\sconces\simpleSconce.cpp">
      <Filter>Source Files</Filter>
    </ClCompile>
    <ClCompile Include="objects\sconces\treeSconce.cpp">
      <Filter>Source Files</Filter>
    </ClCompile>
    <ClCompile Include="objects\table\table.cpp">
      <Filter>Source Files</Filter>
    </ClCompile>
    <ClCompile Include="primitives\cone\cone.cpp">
      <Filter>Source Files</Filter>
    </ClCompile>
    <ClCompile Include="primitives\cube\cube.cpp">
      <Filter>Source Files</Filter>
    </ClCompile>
    <ClCompile Include="primitives\cylinder\cylinder.cpp">
      <Filter>Source Files</Filter>
    </ClCompile>
    <ClCompile Include="primitives\plane\plane.cpp">
      <Filter>Source Files</Filter>
    </ClCompile>
    <ClCompile Include="primitives\plane\PlaneVBO.cpp">
      <Filter>Source Files</Filter>
    </ClCompile>
    <ClCompile Include="primitives\sphere\sphere.cpp">
      <Filter>Source Files</Filter>
    </ClCompile>
    <ClCompile Include="primitives\cylinder\CylinderVBO.cpp">
      <Filter>Source Files</Filter>
    </ClCompile>
    <ClCompile Include="objects\cups\VodkaCupVBO.cpp">
      <Filter>Source Files</Filter>
    </ClCompile>
  </ItemGroup>
  <ItemGroup>
    <ClInclude Include="Primitivas.h">
      <Filter>Header Files</Filter>
    </ClInclude>
    <ClInclude Include="utils\axis.h">
      <Filter>Header Files</Filter>
    </ClInclude>
    <ClInclude Include="utils\cores.h">
      <Filter>Header Files</Filter>
    </ClInclude>
    <ClInclude Include="objects\bancos\banco.h">
      <Filter>Header Files</Filter>
    </ClInclude>
    <ClInclude Include="objects\bottles\wineBottle.h">
      <Filter>Header Files</Filter>
    </ClInclude>
    <ClInclude Include="objects\bottles\wiskyBottle.h">
      <Filter>Header Files</Filter>
    </ClInclude>
    <ClInclude Include="objects\chair\chair.h">
      <Filter>Header Files</Filter>
    </ClInclude>
    <ClInclude Include="objects\computer\computer.h">
      <Filter>Header Files</Filter>
    </ClInclude>
    <ClInclude Include="objects\cups\beerCup.h">
      <Filter>Header Files</Filter>
    </ClInclude>
    <ClInclude Include="objects\cups\cocktailCup.h">
      <Filter>Header Files</Filter>
    </ClInclude>
    <ClInclude Include="objects\cups\shotCup.h">
      <Filter>Header Files</Filter>
    </ClInclude>
    <ClInclude Include="objects\cups\vodkaCup.h">
      <Filter>Header Files</Filter>
    </ClInclude>
    <ClInclude Include="objects\cups\wineCup.h">
      <Filter>Header Files</Filter>
    </ClInclude>
    <ClInclude Include="objects\estruturas\floor.h">
      <Filter>Header Files</Filter>
    </ClInclude>
    <ClInclude Include="objects\estruturas\tecto.h">
      <Filter>Header Files</Filter>
    </ClInclude>
    <ClInclude Include="objects\estruturas\walls.h">
      <Filter>Header Files</Filter>
    </ClInclude>
    <ClInclude Include="objects\paralelepipedo\paralelepipedo.h">
      <Filter>Header Files</Filter>
    </ClInclude>
    <ClInclude Include="objects\sconces\sconce1.h">
      <Filter>Header Files</Filter>
    </ClInclude>
    <ClInclude Include="objects\sconces\sconce2.h">
      <Filter>Header Files</Filter>
    </ClInclude>
    <ClInclude Include="objects\sconces\sconce3.h">
      <Filter>Header Files</Filter>
    </ClInclude>
    <ClInclude Include="objects\sconces\simpleSconce.h">
      <Filter>Header Files</Filter>
    </ClInclude>
    <ClInclude Include="objects\sconces\treeSconce.h">
      <Filter>Header Files</Filter>
    </ClInclude>
    <ClInclude Include="objects\table\table.h">
      <Filter>Header Files</Filter>
    </ClInclude>
    <ClInclude Include="primitives\cone\cone.h">
      <Filter>Header Files</Filter>
    </ClInclude>
    <ClInclude Include="primitives\cube\cube.h">
      <Filter>Header Files</Filter>
    </ClInclude>
    <ClInclude Include="primitives\cylinder\cylinder.h">
      <Filter>Header Files</Filter>
    </ClInclude>
    <ClInclude Include="primitives\plane\plane.h">
      <Filter>Header Files</Filter>
    </ClInclude>
    <ClInclude Include="primitives\plane\PlaneVBO.h">
      <Filter>Header Files</Filter>
    </ClInclude>
    <ClInclude Include="primitives\sphere\sphere.h">
      <Filter>Header Files</Filter>
    </ClInclude>
    <ClInclude Include="primitives\cylinder\CylinderVBO.h">
      <Filter>Header Files</Filter>
    </ClInclude>
    <ClInclude Include="objects\cups\VodkaCupVBO.h">
      <Filter>Header Files</Filter>
    </ClInclude>
  </ItemGroup>
</Project>